
Microsoft Visual Studio Solution File, Format Version 12.00
# Visual Studio Version 17
VisualStudioVersion = 17.9.34728.123
MinimumVisualStudioVersion = 10.0.40219.1
Project("{FAE04EC0-301F-11D3-BF4B-00C04F79EFBC}") = "Ryan_Electricity_Bill_Calculator", "Ryan_Electricity_Bill_Calculator\Ryan_Electricity_Bill_Calculator.csproj", "{531B2DBB-D82D-4D65-A1A4-9524EC8A4FFD}"
EndProject
Global
	GlobalSection(SolutionConfigurationPlatforms) = preSolution
		Debug|Any CPU = Debug|Any CPU
		Release|Any CPU = Release|Any CPU
	EndGlobalSection
	GlobalSection(ProjectConfigurationPlatforms) = postSolution
		{531B2DBB-D82D-4D65-A1A4-9524EC8A4FFD}.Debug|Any CPU.ActiveCfg = Debug|Any CPU
		{531B2DBB-D82D-4D65-A1A4-9524EC8A4FFD}.Debug|Any CPU.Build.0 = Debug|Any CPU
		{531B2DBB-D82D-4D65-A1A4-9524EC8A4FFD}.Release|Any CPU.ActiveCfg = Release|Any CPU
		{531B2DBB-D82D-4D65-A1A4-9524EC8A4FFD}.Release|Any CPU.Build.0 = Release|Any CPU
	EndGlobalSection
	GlobalSection(SolutionProperties) = preSolution
		HideSolutionNode = FALSE
	EndGlobalSection
	GlobalSection(ExtensibilityGlobals) = postSolution
		SolutionGuid = {6C798EA0-7C1D-4E1C-95E9-0086E8C9E48C}
	EndGlobalSection
EndGlobal
